// !$*UTF8*$!
{
	archiveVersion = 1;
	classes = {
	};
	objectVersion = 50;
	objects = {

/* Begin PBXBuildFile section */
		2B8B9894257029750048B1C4 /* AppDelegate.swift in Sources */ = {isa = PBXBuildFile; fileRef = 2B8B9893257029750048B1C4 /* AppDelegate.swift */; };
		2B8B9896257029750048B1C4 /* SceneDelegate.swift in Sources */ = {isa = PBXBuildFile; fileRef = 2B8B9895257029750048B1C4 /* SceneDelegate.swift */; };
		2B8B9898257029750048B1C4 /* ViewController.swift in Sources */ = {isa = PBXBuildFile; fileRef = 2B8B9897257029750048B1C4 /* ViewController.swift */; };
		2B8B989B257029750048B1C4 /* Main.storyboard in Resources */ = {isa = PBXBuildFile; fileRef = 2B8B9899257029750048B1C4 /* Main.storyboard */; };
		2B8B989D257029770048B1C4 /* Assets.xcassets in Resources */ = {isa = PBXBuildFile; fileRef = 2B8B989C257029770048B1C4 /* Assets.xcassets */; };
		2B8B98A0257029770048B1C4 /* LaunchScreen.storyboard in Resources */ = {isa = PBXBuildFile; fileRef = 2B8B989E257029770048B1C4 /* LaunchScreen.storyboard */; };
		2B8B98A925702D140048B1C4 /* segundaViewController.swift in Sources */ = {isa = PBXBuildFile; fileRef = 2B8B98A825702D140048B1C4 /* segundaViewController.swift */; };
		2B8B98AC25702F1D0048B1C4 /* terceiraViewController.swift in Sources */ = {isa = PBXBuildFile; fileRef = 2B8B98AB25702F1D0048B1C4 /* terceiraViewController.swift */; };
		2BC20F76257202E900641B19 /* Rest.swift in Sources */ = {isa = PBXBuildFile; fileRef = 2BC20F75257202E900641B19 /* Rest.swift */; };
		2BC20F79257204FD00641B19 /* dadosFoto.swift in Sources */ = {isa = PBXBuildFile; fileRef = 2BC20F78257204FD00641B19 /* dadosFoto.swift */; };
		2BC20F7C2572060700641B19 /* utils.swift in Sources */ = {isa = PBXBuildFile; fileRef = 2BC20F7B2572060700641B19 /* utils.swift */; };
		2BC20F802572099700641B19 /* File.swift in Sources */ = {isa = PBXBuildFile; fileRef = 2BC20F7F2572099700641B19 /* File.swift */; };
/* End PBXBuildFile section */

/* Begin PBXFileReference section */
		2B8B9890257029750048B1C4 /* TrabalhoFinal.app */ = {isa = PBXFileReference; explicitFileType = wrapper.application; includeInIndex = 0; path = TrabalhoFinal.app; sourceTree = BUILT_PRODUCTS_DIR; };
		2B8B9893257029750048B1C4 /* AppDelegate.swift */ = {isa = PBXFileReference; lastKnownFileType = sourcecode.swift; path = AppDelegate.swift; sourceTree = "<group>"; };
		2B8B9895257029750048B1C4 /* SceneDelegate.swift */ = {isa = PBXFileReference; lastKnownFileType = sourcecode.swift; path = SceneDelegate.swift; sourceTree = "<group>"; };
		2B8B9897257029750048B1C4 /* ViewController.swift */ = {isa = PBXFileReference; lastKnownFileType = sourcecode.swift; path = ViewController.swift; sourceTree = "<group>"; };
		2B8B989A257029750048B1C4 /* Base */ = {isa = PBXFileReference; lastKnownFileType = file.storyboard; name = Base; path = Base.lproj/Main.storyboard; sourceTree = "<group>"; };
		2B8B989C257029770048B1C4 /* Assets.xcassets */ = {isa = PBXFileReference; lastKnownFileType = folder.assetcatalog; path = Assets.xcassets; sourceTree = "<group>"; };
		2B8B989F257029770048B1C4 /* Base */ = {isa = PBXFileReference; lastKnownFileType = file.storyboard; name = Base; path = Base.lproj/LaunchScreen.storyboard; sourceTree = "<group>"; };
		2B8B98A1257029770048B1C4 /* Info.plist */ = {isa = PBXFileReference; lastKnownFileType = text.plist.xml; path = Info.plist; sourceTree = "<group>"; };
		2B8B98A825702D140048B1C4 /* segundaViewController.swift */ = {isa = PBXFileReference; lastKnownFileType = sourcecode.swift; path = segundaViewController.swift; sourceTree = "<group>"; };
		2B8B98AB25702F1D0048B1C4 /* terceiraViewController.swift */ = {isa = PBXFileReference; lastKnownFileType = sourcecode.swift; path = terceiraViewController.swift; sourceTree = "<group>"; };
		2BC20F75257202E900641B19 /* Rest.swift */ = {isa = PBXFileReference; lastKnownFileType = sourcecode.swift; path = Rest.swift; sourceTree = "<group>"; };
		2BC20F78257204FD00641B19 /* dadosFoto.swift */ = {isa = PBXFileReference; lastKnownFileType = sourcecode.swift; path = dadosFoto.swift; sourceTree = "<group>"; };
		2BC20F7B2572060700641B19 /* utils.swift */ = {isa = PBXFileReference; lastKnownFileType = sourcecode.swift; path = utils.swift; sourceTree = "<group>"; };
		2BC20F7F2572099700641B19 /* File.swift */ = {isa = PBXFileReference; lastKnownFileType = sourcecode.swift; path = File.swift; sourceTree = "<group>"; };
/* End PBXFileReference section */

/* Begin PBXFrameworksBuildPhase section */
		2B8B988D257029750048B1C4 /* Frameworks */ = {
			isa = PBXFrameworksBuildPhase;
			buildActionMask = 2147483647;
			files = (
			);
			runOnlyForDeploymentPostprocessing = 0;
		};
/* End PBXFrameworksBuildPhase section */

/* Begin PBXGroup section */
		2B8B9887257029750048B1C4 = {
			isa = PBXGroup;
			children = (
				2B8B9892257029750048B1C4 /* TrabalhoFinal */,
				2B8B9891257029750048B1C4 /* Products */,
			);
			sourceTree = "<group>";
		};
		2B8B9891257029750048B1C4 /* Products */ = {
			isa = PBXGroup;
			children = (
				2B8B9890257029750048B1C4 /* TrabalhoFinal.app */,
			);
			name = Products;
			sourceTree = "<group>";
		};
		2B8B9892257029750048B1C4 /* TrabalhoFinal */ = {
			isa = PBXGroup;
			children = (
				2B8B9893257029750048B1C4 /* AppDelegate.swift */,
				2B8B9895257029750048B1C4 /* SceneDelegate.swift */,
				2B8B9897257029750048B1C4 /* ViewController.swift */,
				2B8B9899257029750048B1C4 /* Main.storyboard */,
				2B8B989C257029770048B1C4 /* Assets.xcassets */,
				2B8B989E257029770048B1C4 /* LaunchScreen.storyboard */,
				2B8B98A1257029770048B1C4 /* Info.plist */,
				2B8B98A825702D140048B1C4 /* segundaViewController.swift */,
				2B8B98AB25702F1D0048B1C4 /* terceiraViewController.swift */,
				2BC20F75257202E900641B19 /* Rest.swift */,
				2BC20F78257204FD00641B19 /* dadosFoto.swift */,
				2BC20F7B2572060700641B19 /* utils.swift */,
				2BC20F7F2572099700641B19 /* File.swift */,
			);
			path = TrabalhoFinal;
			sourceTree = "<group>";
		};
/* End PBXGroup section */

/* Begin PBXNativeTarget section */
		2B8B988F257029750048B1C4 /* TrabalhoFinal */ = {
			isa = PBXNativeTarget;
			buildConfigurationList = 2B8B98A4257029770048B1C4 /* Build configuration list for PBXNativeTarget "TrabalhoFinal" */;
			buildPhases = (
				2B8B988C257029750048B1C4 /* Sources */,
				2B8B988D257029750048B1C4 /* Frameworks */,
				2B8B988E257029750048B1C4 /* Resources */,
			);
			buildRules = (
			);
			dependencies = (
			);
			name = TrabalhoFinal;
			productName = TrabalhoFinal;
			productReference = 2B8B9890257029750048B1C4 /* TrabalhoFinal.app */;
			productType = "com.apple.product-type.application";
		};
/* End PBXNativeTarget section */

/* Begin PBXProject section */
		2B8B9888257029750048B1C4 /* Project object */ = {
			isa = PBXProject;
			attributes = {
				LastSwiftUpdateCheck = 1210;
				LastUpgradeCheck = 1210;
				TargetAttributes = {
					2B8B988F257029750048B1C4 = {
						CreatedOnToolsVersion = 12.1;
					};
				};
			};
			buildConfigurationList = 2B8B988B257029750048B1C4 /* Build configuration list for PBXProject "TrabalhoFinal" */;
			compatibilityVersion = "Xcode 9.3";
			developmentRegion = en;
			hasScannedForEncodings = 0;
			knownRegions = (
				en,
				Base,
			);
			mainGroup = 2B8B9887257029750048B1C4;
			productRefGroup = 2B8B9891257029750048B1C4 /* Products */;
			projectDirPath = "";
			projectRoot = "";
			targets = (
				2B8B988F257029750048B1C4 /* TrabalhoFinal */,
			);
		};
/* End PBXProject section */

/* Begin PBXResourcesBuildPhase section */
		2B8B988E257029750048B1C4 /* Resources */ = {
			isa = PBXResourcesBuildPhase;
			buildActionMask = 2147483647;
			files = (
				2B8B98A0257029770048B1C4 /* LaunchScreen.storyboard in Resources */,
				2B8B989D257029770048B1C4 /* Assets.xcassets in Resources */,
				2B8B989B257029750048B1C4 /* Main.storyboard in Resources */,
			);
			runOnlyForDeploymentPostprocessing = 0;
		};
/* End PBXResourcesBuildPhase section */

/* Begin PBXSourcesBuildPhase section */
		2B8B988C257029750048B1C4 /* Sources */ = {
			isa = PBXSourcesBuildPhase;
			buildActionMask = 2147483647;
			files = (
				2B8B98A925702D140048B1C4 /* segundaViewController.swift in Sources */,
				2B8B9898257029750048B1C4 /* ViewController.swift in Sources */,
				2B8B98AC25702F1D0048B1C4 /* terceiraViewController.swift in Sources */,
				2BC20F76257202E900641B19 /* Rest.swift in Sources */,
				2BC20F79257204FD00641B19 /* dadosFoto.swift in Sources */,
				2BC20F7C2572060700641B19 /* utils.swift in Sources */,
				2B8B9894257029750048B1C4 /* AppDelegate.swift in Sources */,
				2BC20F802572099700641B19 /* File.swift in Sources */,
				2B8B9896257029750048B1C4 /* SceneDelegate.swift in Sources */,
			);
			runOnlyForDeploymentPostprocessing = 0;
		};
/* End PBXSourcesBuildPhase section */

/* Begin PBXVariantGroup section */
		2B8B9899257029750048B1C4 /* Main.storyboard */ = {
			isa = PBXVariantGroup;
			children = (
				2B8B989A257029750048B1C4 /* Base */,
			);
			name = Main.storyboard;
			sourceTree = "<group>";
		};
		2B8B989E257029770048B1C4 /* LaunchScreen.storyboard */ = {
			isa = PBXVariantGroup;
			children = (
				2B8B989F257029770048B1C4 /* Base */,
			);
			name = LaunchScreen.storyboard;
			sourceTree = "<group>";
		};
/* End PBXVariantGroup section */

/* Begin XCBuildConfiguration section */
		2B8B98A2257029770048B1C4 /* Debug */ = {
			isa = XCBuildConfiguration;
			buildSettings = {
				ALWAYS_SEARCH_USER_PATHS = NO;
				CLANG_ANALYZER_NONNULL = YES;
				CLANG_ANALYZER_NUMBER_OBJECT_CONVERSION = YES_AGGRESSIVE;
				CLANG_CXX_LANGUAGE_STANDARD = "gnu++14";
				CLANG_CXX_LIBRARY = "libc++";
				CLANG_ENABLE_MODULES = YES;
				CLANG_ENABLE_OBJC_ARC = YES;
				CLANG_ENABLE_OBJC_WEAK = YES;
				CLANG_WARN_BLOCK_CAPTURE_AUTORELEASING = YES;
				CLANG_WARN_BOOL_CONVERSION = YES;
				CLANG_WARN_COMMA = YES;
				CLANG_WARN_CONSTANT_CONVERSION = YES;
				CLANG_WARN_DEPRECATED_OBJC_IMPLEMENTATIONS = YES;
				CLANG_WARN_DIRECT_OBJC_ISA_USAGE = YES_ERROR;
				CLANG_WARN_DOCUMENTATION_COMMENTS = YES;
				CLANG_WARN_EMPTY_BODY = YES;
				CLANG_WARN_ENUM_CONVERSION = YES;
				CLANG_WARN_INFINITE_RECURSION = YES;
				CLANG_WARN_INT_CONVERSION = YES;
				CLANG_WARN_NON_LITERAL_NULL_CONVERSION = YES;
				CLANG_WARN_OBJC_IMPLICIT_RETAIN_SELF = YES;
				CLANG_WARN_OBJC_LITERAL_CONVERSION = YES;
				CLANG_WARN_OBJC_ROOT_CLASS = YES_ERROR;
				CLANG_WARN_QUOTED_INCLUDE_IN_FRAMEWORK_HEADER = YES;
				CLANG_WARN_RANGE_LOOP_ANALYSIS = YES;
				CLANG_WARN_STRICT_PROTOTYPES = YES;
				CLANG_WARN_SUSPICIOUS_MOVE = YES;
				CLANG_WARN_UNGUARDED_AVAILABILITY = YES_AGGRESSIVE;
				CLANG_WARN_UNREACHABLE_CODE = YES;
				CLANG_WARN__DUPLICATE_METHOD_MATCH = YES;
				COPY_PHASE_STRIP = NO;
				DEBUG_INFORMATION_FORMAT = dwarf;
				ENABLE_STRICT_OBJC_MSGSEND = YES;
				ENABLE_TESTABILITY = YES;
				GCC_C_LANGUAGE_STANDARD = gnu11;
				GCC_DYNAMIC_NO_PIC = NO;
				GCC_NO_COMMON_BLOCKS = YES;
				GCC_OPTIMIZATION_LEVEL = 0;
				GCC_PREPROCESSOR_DEFINITIONS = (
					"DEBUG=1",
					"$(inherited)",
				);
				GCC_WARN_64_TO_32_BIT_CONVERSION = YES;
				GCC_WARN_ABOUT_RETURN_TYPE = YES_ERROR;
				GCC_WARN_UNDECLARED_SELECTOR = YES;
				GCC_WARN_UNINITIALIZED_AUTOS = YES_AGGRESSIVE;
				GCC_WARN_UNUSED_FUNCTION = YES;
				GCC_WARN_UNUSED_VARIABLE = YES;
				IPHONEOS_DEPLOYMENT_TARGET = 14.1;
				MTL_ENABLE_DEBUG_INFO = INCLUDE_SOURCE;
				MTL_FAST_MATH = YES;
				ONLY_ACTIVE_ARCH = YES;
				SDKROOT = iphoneos;
				SWIFT_ACTIVE_COMPILATION_CONDITIONS = DEBUG;
				SWIFT_OPTIMIZATION_LEVEL = "-Onone";
			};
			name = Debug;
		};
		2B8B98A3257029770048B1C4 /* Release */ = {
			isa = XCBuildConfiguration;
			buildSettings = {
				ALWAYS_SEARCH_USER_PATHS = NO;
				CLANG_ANALYZER_NONNULL = YES;
				CLANG_ANALYZER_NUMBER_OBJECT_CONVERSION = YES_AGGRESSIVE;
				CLANG_CXX_LANGUAGE_STANDARD = "gnu++14";
				CLANG_CXX_LIBRARY = "libc++";
				CLANG_ENABLE_MODULES = YES;
				CLANG_ENABLE_OBJC_ARC = YES;
				CLANG_ENABLE_OBJC_WEAK = YES;
				CLANG_WARN_BLOCK_CAPTURE_AUTORELEASING = YES;
				CLANG_WARN_BOOL_CONVERSION = YES;
				CLANG_WARN_COMMA = YES;
				CLANG_WARN_CONSTANT_CONVERSION = YES;
				CLANG_WARN_DEPRECATED_OBJC_IMPLEMENTATIONS = YES;
				CLANG_WARN_DIRECT_OBJC_ISA_USAGE = YES_ERROR;
				CLANG_WARN_DOCUMENTATION_COMMENTS = YES;
				CLANG_WARN_EMPTY_BODY = YES;
				CLANG_WARN_ENUM_CONVERSION = YES;
				CLANG_WARN_INFINITE_RECURSION = YES;
				CLANG_WARN_INT_CONVERSION = YES;
				CLANG_WARN_NON_LITERAL_NULL_CONVERSION = YES;
				CLANG_WARN_OBJC_IMPLICIT_RETAIN_SELF = YES;
				CLANG_WARN_OBJC_LITERAL_CONVERSION = YES;
				CLANG_WARN_OBJC_ROOT_CLASS = YES_ERROR;
				CLANG_WARN_QUOTED_INCLUDE_IN_FRAMEWORK_HEADER = YES;
				CLANG_WARN_RANGE_LOOP_ANALYSIS = YES;
				CLANG_WARN_STRICT_PROTOTYPES = YES;
				CLANG_WARN_SUSPICIOUS_MOVE = YES;
				CLANG_WARN_UNGUARDED_AVAILABILITY = YES_AGGRESSIVE;
				CLANG_WARN_UNREACHABLE_CODE = YES;
				CLANG_WARN__DUPLICATE_METHOD_MATCH = YES;
				COPY_PHASE_STRIP = NO;
				DEBUG_INFORMATION_FORMAT = "dwarf-with-dsym";
				ENABLE_NS_ASSERTIONS = NO;
				ENABLE_STRICT_OBJC_MSGSEND = YES;
				GCC_C_LANGUAGE_STANDARD = gnu11;
				GCC_NO_COMMON_BLOCKS = YES;
				GCC_WARN_64_TO_32_BIT_CONVERSION = YES;
				GCC_WARN_ABOUT_RETURN_TYPE = YES_ERROR;
				GCC_WARN_UNDECLARED_SELECTOR = YES;
				GCC_WARN_UNINITIALIZED_AUTOS = YES_AGGRESSIVE;
				GCC_WARN_UNUSED_FUNCTION = YES;
				GCC_WARN_UNUSED_VARIABLE = YES;
				IPHONEOS_DEPLOYMENT_TARGET = 14.1;
				MTL_ENABLE_DEBUG_INFO = NO;
				MTL_FAST_MATH = YES;
				SDKROOT = iphoneos;
				SWIFT_COMPILATION_MODE = wholemodule;
				SWIFT_OPTIMIZATION_LEVEL = "-O";
				VALIDATE_PRODUCT = YES;
			};
			name = Release;
		};
		2B8B98A5257029770048B1C4 /* Debug */ = {
			isa = XCBuildConfiguration;
			buildSettings = {
				ASSETCATALOG_COMPILER_APPICON_NAME = AppIcon;
				ASSETCATALOG_COMPILER_GLOBAL_ACCENT_COLOR_NAME = AccentColor;
				CODE_SIGN_STYLE = Automatic;
				INFOPLIST_FILE = TrabalhoFinal/Info.plist;
				LD_RUNPATH_SEARCH_PATHS = (
					"$(inherited)",
					"@executable_path/Frameworks",
				);
				PRODUCT_BUNDLE_IDENTIFIER = br.unicamp.chris.TrabalhoFinal;
				PRODUCT_NAME = "$(TARGET_NAME)";
				SWIFT_VERSION = 5.0;
				TARGETED_DEVICE_FAMILY = "1,2";
			};
			name = Debug;
		};
		2B8B98A6257029770048B1C4 /* Release */ = {
			isa = XCBuildConfiguration;
			buildSettings = {
				ASSETCATALOG_COMPILER_APPICON_NAME = AppIcon;
				ASSETCATALOG_COMPILER_GLOBAL_ACCENT_COLOR_NAME = AccentColor;
				CODE_SIGN_STYLE = Automatic;
				INFOPLIST_FILE = TrabalhoFinal/Info.plist;
				LD_RUNPATH_SEARCH_PATHS = (
					"$(inherited)",
					"@executable_path/Frameworks",
				);
				PRODUCT_BUNDLE_IDENTIFIER = br.unicamp.chris.TrabalhoFinal;
				PRODUCT_NAME = "$(TARGET_NAME)";
				SWIFT_VERSION = 5.0;
				TARGETED_DEVICE_FAMILY = "1,2";
			};
			name = Release;
		};
/* End XCBuildConfiguration section */

/* Begin XCConfigurationList section */
		2B8B988B257029750048B1C4 /* Build configuration list for PBXProject "TrabalhoFinal" */ = {
			isa = XCConfigurationList;
			buildConfigurations = (
				2B8B98A2257029770048B1C4 /* Debug */,
				2B8B98A3257029770048B1C4 /* Release */,
			);
			defaultConfigurationIsVisible = 0;
			defaultConfigurationName = Release;
		};
		2B8B98A4257029770048B1C4 /* Build configuration list for PBXNativeTarget "TrabalhoFinal" */ = {
			isa = XCConfigurationList;
			buildConfigurations = (
				2B8B98A5257029770048B1C4 /* Debug */,
				2B8B98A6257029770048B1C4 /* Release */,
			);
			defaultConfigurationIsVisible = 0;
			defaultConfigurationName = Release;
		};
/* End XCConfigurationList section */
	};
	rootObject = 2B8B9888257029750048B1C4 /* Project object */;
}
